
Microsoft Visual Studio Solution File, Format Version 12.00
# Visual Studio Version 17
VisualStudioVersion = 17.13.35919.96 d17.13
MinimumVisualStudioVersion = 10.0.40219.1
Project("{FAE04EC0-301F-11D3-BF4B-00C04F79EFBC}") = "WHS", "WHS\WHS.csproj", "{1CF58063-4077-4996-BA9B-1014D8E52D12}"
EndProject
Project("{FAE04EC0-301F-11D3-BF4B-00C04F79EFBC}") = "WHS.Repository", "WHS_Repository\WHS.Repository.csproj", "{FCCC90BE-A8E7-45CD-AD2A-6464CD5A1F76}"
EndProject
Project("{FAE04EC0-301F-11D3-BF4B-00C04F79EFBC}") = "WHS.Service", "WHS_Service\WHS.Service.csproj", "{7DC2274E-B9A5-4768-A550-F8026D557DEF}"
EndProject
Project("{FAE04EC0-301F-11D3-BF4B-00C04F79EFBC}") = "WHS.Core", "WHS_Core\WHS.Core.csproj", "{48A35985-86F4-436A-9173-34CF19AE11EE}"
EndProject
Global
	GlobalSection(SolutionConfigurationPlatforms) = preSolution
		Debug|Any CPU = Debug|Any CPU
		Release|Any CPU = Release|Any CPU
	EndGlobalSection
	GlobalSection(ProjectConfigurationPlatforms) = postSolution
		{1CF58063-4077-4996-BA9B-1014D8E52D12}.Debug|Any CPU.ActiveCfg = Debug|Any CPU
		{1CF58063-4077-4996-BA9B-1014D8E52D12}.Debug|Any CPU.Build.0 = Debug|Any CPU
		{1CF58063-4077-4996-BA9B-1014D8E52D12}.Release|Any CPU.ActiveCfg = Release|Any CPU
		{1CF58063-4077-4996-BA9B-1014D8E52D12}.Release|Any CPU.Build.0 = Release|Any CPU
		{FCCC90BE-A8E7-45CD-AD2A-6464CD5A1F76}.Debug|Any CPU.ActiveCfg = Debug|Any CPU
		{FCCC90BE-A8E7-45CD-AD2A-6464CD5A1F76}.Debug|Any CPU.Build.0 = Debug|Any CPU
		{FCCC90BE-A8E7-45CD-AD2A-6464CD5A1F76}.Release|Any CPU.ActiveCfg = Release|Any CPU
		{FCCC90BE-A8E7-45CD-AD2A-6464CD5A1F76}.Release|Any CPU.Build.0 = Release|Any CPU
		{7DC2274E-B9A5-4768-A550-F8026D557DEF}.Debug|Any CPU.ActiveCfg = Debug|Any CPU
		{7DC2274E-B9A5-4768-A550-F8026D557DEF}.Debug|Any CPU.Build.0 = Debug|Any CPU
		{7DC2274E-B9A5-4768-A550-F8026D557DEF}.Release|Any CPU.ActiveCfg = Release|Any CPU
		{7DC2274E-B9A5-4768-A550-F8026D557DEF}.Release|Any CPU.Build.0 = Release|Any CPU
		{48A35985-86F4-436A-9173-34CF19AE11EE}.Debug|Any CPU.ActiveCfg = Debug|Any CPU
		{48A35985-86F4-436A-9173-34CF19AE11EE}.Debug|Any CPU.Build.0 = Debug|Any CPU
		{48A35985-86F4-436A-9173-34CF19AE11EE}.Release|Any CPU.ActiveCfg = Release|Any CPU
		{48A35985-86F4-436A-9173-34CF19AE11EE}.Release|Any CPU.Build.0 = Release|Any CPU
	EndGlobalSection
	GlobalSection(SolutionProperties) = preSolution
		HideSolutionNode = FALSE
	EndGlobalSection
	GlobalSection(ExtensibilityGlobals) = postSolution
		SolutionGuid = {DEECB1D0-8814-4C65-8897-A60D3B313411}
	EndGlobalSection
EndGlobal
